
Microsoft Visual Studio Solution File, Format Version 11.00
# Visual Studio 2010
Project("{F184B08F-C81C-45F6-A57F-5ABD9991F28F}") = "FiPEX_AddIn_dotNet35_v10_23", "FiPEX_AddIn_dotNet35_v10_23.vbproj", "{D8BA3EB9-E11A-4694-AA0C-1A4FFB7B1ED7}"
EndProject
Global
	GlobalSection(SolutionConfigurationPlatforms) = preSolution
		Debug|Any CPU = Debug|Any CPU
		FIPEX_10.22_MAY8_2013|Any CPU = FIPEX_10.22_MAY8_2013|Any CPU
		FIPEX_AddIn_dotNET35_v1023_ArcGIS101|Any CPU = FIPEX_AddIn_dotNET35_v1023_ArcGIS101|Any CPU
		FIPEX_AddIn_dotNET35_v10p23_ArcGIS10v1|Any CPU = FIPEX_AddIn_dotNET35_v10p23_ArcGIS10v1|Any CPU
		Release|Any CPU = Release|Any CPU
	EndGlobalSection
	GlobalSection(ProjectConfigurationPlatforms) = postSolution
		{D8BA3EB9-E11A-4694-AA0C-1A4FFB7B1ED7}.Debug|Any CPU.ActiveCfg = Debug|Any CPU
		{D8BA3EB9-E11A-4694-AA0C-1A4FFB7B1ED7}.Debug|Any CPU.Build.0 = Debug|Any CPU
		{D8BA3EB9-E11A-4694-AA0C-1A4FFB7B1ED7}.FIPEX_10.22_MAY8_2013|Any CPU.ActiveCfg = FIPEX_10.22_MAY8_2013|Any CPU
		{D8BA3EB9-E11A-4694-AA0C-1A4FFB7B1ED7}.FIPEX_10.22_MAY8_2013|Any CPU.Build.0 = FIPEX_10.22_MAY8_2013|Any CPU
		{D8BA3EB9-E11A-4694-AA0C-1A4FFB7B1ED7}.FIPEX_AddIn_dotNET35_v1023_ArcGIS101|Any CPU.ActiveCfg = Debug|Any CPU
		{D8BA3EB9-E11A-4694-AA0C-1A4FFB7B1ED7}.FIPEX_AddIn_dotNET35_v1023_ArcGIS101|Any CPU.Build.0 = Debug|Any CPU
		{D8BA3EB9-E11A-4694-AA0C-1A4FFB7B1ED7}.FIPEX_AddIn_dotNET35_v10p23_ArcGIS10v1|Any CPU.ActiveCfg = FIPEX_AddIn_dotNET35_v10p23_ArcGIS10v1|Any CPU
		{D8BA3EB9-E11A-4694-AA0C-1A4FFB7B1ED7}.FIPEX_AddIn_dotNET35_v10p23_ArcGIS10v1|Any CPU.Build.0 = FIPEX_AddIn_dotNET35_v10p23_ArcGIS10v1|Any CPU
		{D8BA3EB9-E11A-4694-AA0C-1A4FFB7B1ED7}.Release|Any CPU.ActiveCfg = Release|Any CPU
		{D8BA3EB9-E11A-4694-AA0C-1A4FFB7B1ED7}.Release|Any CPU.Build.0 = Release|Any CPU
	EndGlobalSection
	GlobalSection(SolutionProperties) = preSolution
		HideSolutionNode = FALSE
	EndGlobalSection
EndGlobal
